
Microsoft Visual Studio Solution File, Format Version 12.00
# Visual Studio Version 16
VisualStudioVersion = 16.0.29806.167
MinimumVisualStudioVersion = 10.0.40219.1
Project("{FAE04EC0-301F-11D3-BF4B-00C04F79EFBC}") = "Datos", "Datos\Datos.csproj", "{9C130C70-DE05-4322-BE83-A02F10CE0A1F}"
EndProject
Project("{FAE04EC0-301F-11D3-BF4B-00C04F79EFBC}") = "Presentacion", "Presentacion\Presentacion.csproj", "{DC7B73FE-CD23-4C86-93BC-62E5C6ECA45E}"
EndProject
Project("{FAE04EC0-301F-11D3-BF4B-00C04F79EFBC}") = "Negocio", "Negocio\Negocio.csproj", "{7050B509-1687-44C8-AC0D-B75B10C4ACD1}"
EndProject
Global
	GlobalSection(SolutionConfigurationPlatforms) = preSolution
		Debug|Any CPU = Debug|Any CPU
		Release|Any CPU = Release|Any CPU
	EndGlobalSection
	GlobalSection(ProjectConfigurationPlatforms) = postSolution
		{9C130C70-DE05-4322-BE83-A02F10CE0A1F}.Debug|Any CPU.ActiveCfg = Debug|Any CPU
		{9C130C70-DE05-4322-BE83-A02F10CE0A1F}.Debug|Any CPU.Build.0 = Debug|Any CPU
		{9C130C70-DE05-4322-BE83-A02F10CE0A1F}.Release|Any CPU.ActiveCfg = Release|Any CPU
		{9C130C70-DE05-4322-BE83-A02F10CE0A1F}.Release|Any CPU.Build.0 = Release|Any CPU
		{DC7B73FE-CD23-4C86-93BC-62E5C6ECA45E}.Debug|Any CPU.ActiveCfg = Debug|Any CPU
		{DC7B73FE-CD23-4C86-93BC-62E5C6ECA45E}.Debug|Any CPU.Build.0 = Debug|Any CPU
		{DC7B73FE-CD23-4C86-93BC-62E5C6ECA45E}.Release|Any CPU.ActiveCfg = Release|Any CPU
		{DC7B73FE-CD23-4C86-93BC-62E5C6ECA45E}.Release|Any CPU.Build.0 = Release|Any CPU
		{7050B509-1687-44C8-AC0D-B75B10C4ACD1}.Debug|Any CPU.ActiveCfg = Debug|Any CPU
		{7050B509-1687-44C8-AC0D-B75B10C4ACD1}.Debug|Any CPU.Build.0 = Debug|Any CPU
		{7050B509-1687-44C8-AC0D-B75B10C4ACD1}.Release|Any CPU.ActiveCfg = Release|Any CPU
		{7050B509-1687-44C8-AC0D-B75B10C4ACD1}.Release|Any CPU.Build.0 = Release|Any CPU
	EndGlobalSection
	GlobalSection(SolutionProperties) = preSolution
		HideSolutionNode = FALSE
	EndGlobalSection
	GlobalSection(ExtensibilityGlobals) = postSolution
		SolutionGuid = {932507F7-AB0B-49B7-9BBE-EB45B60384DC}
	EndGlobalSection
EndGlobal
